
Microsoft Visual Studio Solution File, Format Version 11.00
# Visual Studio 2010
Project("{FAE04EC0-301F-11D3-BF4B-00C04F79EFBC}") = "GameJam123", "Assembly-CSharp.csproj", "{F2A65698-AA5A-62C8-0985-6C707C95AB67}"
EndProject
Project("{FAE04EC0-301F-11D3-BF4B-00C04F79EFBC}") = "GameJam123", "Assembly-CSharp-Editor.csproj", "{3C27713E-FFE4-2B3A-9AA7-FA078C597328}"
EndProject
Global
	GlobalSection(SolutionConfigurationPlatforms) = preSolution
		Debug|Any CPU = Debug|Any CPU
		Release|Any CPU = Release|Any CPU
	EndGlobalSection
	GlobalSection(ProjectConfigurationPlatforms) = postSolution
		{F2A65698-AA5A-62C8-0985-6C707C95AB67}.Debug|Any CPU.ActiveCfg = Debug|Any CPU
		{F2A65698-AA5A-62C8-0985-6C707C95AB67}.Debug|Any CPU.Build.0 = Debug|Any CPU
		{F2A65698-AA5A-62C8-0985-6C707C95AB67}.Release|Any CPU.ActiveCfg = Release|Any CPU
		{F2A65698-AA5A-62C8-0985-6C707C95AB67}.Release|Any CPU.Build.0 = Release|Any CPU
		{3C27713E-FFE4-2B3A-9AA7-FA078C597328}.Debug|Any CPU.ActiveCfg = Debug|Any CPU
		{3C27713E-FFE4-2B3A-9AA7-FA078C597328}.Debug|Any CPU.Build.0 = Debug|Any CPU
		{3C27713E-FFE4-2B3A-9AA7-FA078C597328}.Release|Any CPU.ActiveCfg = Release|Any CPU
		{3C27713E-FFE4-2B3A-9AA7-FA078C597328}.Release|Any CPU.Build.0 = Release|Any CPU
	EndGlobalSection
	GlobalSection(SolutionProperties) = preSolution
		HideSolutionNode = FALSE
	EndGlobalSection
	GlobalSection(MonoDevelopProperties) = preSolution
		StartupItem = Assembly-CSharp.csproj
	EndGlobalSection
EndGlobal
